Microsoft Visual Studio Solution File, Format Version 12.00
# Apache License, Version 2.0
VisualStudioVersion = 15.0.26124.0
MinimumVisualStudioVersion = 15.0.26124.0
Project("{2150E333-8FDC-42A3-9474-1A3956D46DE8}") = "Configuration", "Configuration", "{CA7E83D4-6A73-4750-960C-18EDB3AB8681}"
EndProject
Project("{FAE04EC0-301F-11D3-BF4B-00C04F79EFBC}") = "Nvidia.Clara.Dicom.Configuration.Test", "Configuration\Test\Nvidia.Clara.Dicom.Configuration.Test.csproj", "{FFE88270-19DF-4C08-9C99-CCD984A4EDD0}"
EndProject
Project("{2150E333-8FDC-42A3-9474-1A3956D46DE8}") = "Common", "Common", "{19BB048C-0ACD-4E5E-BCCD-930FF0FAAAD4}"
EndProject
Project("{FAE04EC0-301F-11D3-BF4B-00C04F79EFBC}") = "Nvidia.Clara.Dicom.Common.Test", "Common\Test\Nvidia.Clara.Dicom.Common.Test.csproj", "{65A45392-277B-47E4-BACA-B90B97B05028}"
EndProject
Project("{2150E333-8FDC-42A3-9474-1A3956D46DE8}") = "Server", "Server", "{3C654717-1A79-4646-B54A-672378E13B69}"
EndProject
Project("{2150E333-8FDC-42A3-9474-1A3956D46DE8}") = "Test", "Test", "{8C07E8B4-F416-4231-8349-22BBBC3D97F5}"
EndProject
Project("{FAE04EC0-301F-11D3-BF4B-00C04F79EFBC}") = "Nvidia.Clara.DicomAdapter.Test.Unit", "Server\Test\Unit\Nvidia.Clara.DicomAdapter.Test.Unit.csproj", "{DC6EC2D1-62F8-4E3D-A710-6F8910342B04}"
EndProject
Project("{2150E333-8FDC-42A3-9474-1A3956D46DE8}") = "API", "API", "{B532F440-8E0E-4C69-8DA2-1E44E7E52977}"
EndProject
Project("{FAE04EC0-301F-11D3-BF4B-00C04F79EFBC}") = "Nvidia.Clara.Dicom.API.Test", "API\Test\Nvidia.Clara.Dicom.API.Test.csproj", "{38970178-BE08-4440-AB77-E6397A871641}"
EndProject
Project("{2150E333-8FDC-42A3-9474-1A3956D46DE8}") = "DicomWebClient", "DicomWebClient", "{57593A03-8758-4AAB-A574-663B56622824}"
EndProject
Project("{FAE04EC0-301F-11D3-BF4B-00C04F79EFBC}") = "Nvidia.Clara.Dicom.DicomWebClient.Test", "DicomWebClient\Test\Nvidia.Clara.Dicom.DicomWebClient.Test.csproj", "{0C4DD559-4A90-430F-8F9A-29F80FC4AA93}"
EndProject
Global
	GlobalSection(SolutionConfigurationPlatforms) = preSolution
		Debug|Any CPU = Debug|Any CPU
		Debug|x64 = Debug|x64
		Debug|x86 = Debug|x86
		Release|Any CPU = Release|Any CPU
		Release|x64 = Release|x64
		Release|x86 = Release|x86
	EndGlobalSection
	GlobalSection(SolutionProperties) = preSolution
		HideSolutionNode = FALSE
	EndGlobalSection
	GlobalSection(ProjectConfigurationPlatforms) = postSolution
		{FFE88270-19DF-4C08-9C99-CCD984A4EDD0}.Debug|Any CPU.ActiveCfg = Debug|Any CPU
		{FFE88270-19DF-4C08-9C99-CCD984A4EDD0}.Debug|Any CPU.Build.0 = Debug|Any CPU
		{FFE88270-19DF-4C08-9C99-CCD984A4EDD0}.Debug|x64.ActiveCfg = Debug|Any CPU
		{FFE88270-19DF-4C08-9C99-CCD984A4EDD0}.Debug|x64.Build.0 = Debug|Any CPU
		{FFE88270-19DF-4C08-9C99-CCD984A4EDD0}.Debug|x86.ActiveCfg = Debug|Any CPU
		{FFE88270-19DF-4C08-9C99-CCD984A4EDD0}.Debug|x86.Build.0 = Debug|Any CPU
		{FFE88270-19DF-4C08-9C99-CCD984A4EDD0}.Release|Any CPU.ActiveCfg = Release|Any CPU
		{FFE88270-19DF-4C08-9C99-CCD984A4EDD0}.Release|Any CPU.Build.0 = Release|Any CPU
		{FFE88270-19DF-4C08-9C99-CCD984A4EDD0}.Release|x64.ActiveCfg = Release|Any CPU
		{FFE88270-19DF-4C08-9C99-CCD984A4EDD0}.Release|x64.Build.0 = Release|Any CPU
		{FFE88270-19DF-4C08-9C99-CCD984A4EDD0}.Release|x86.ActiveCfg = Release|Any CPU
		{FFE88270-19DF-4C08-9C99-CCD984A4EDD0}.Release|x86.Build.0 = Release|Any CPU
		{65A45392-277B-47E4-BACA-B90B97B05028}.Debug|Any CPU.ActiveCfg = Debug|Any CPU
		{65A45392-277B-47E4-BACA-B90B97B05028}.Debug|Any CPU.Build.0 = Debug|Any CPU
		{65A45392-277B-47E4-BACA-B90B97B05028}.Debug|x64.ActiveCfg = Debug|Any CPU
		{65A45392-277B-47E4-BACA-B90B97B05028}.Debug|x64.Build.0 = Debug|Any CPU
		{65A45392-277B-47E4-BACA-B90B97B05028}.Debug|x86.ActiveCfg = Debug|Any CPU
		{65A45392-277B-47E4-BACA-B90B97B05028}.Debug|x86.Build.0 = Debug|Any CPU
		{65A45392-277B-47E4-BACA-B90B97B05028}.Release|Any CPU.ActiveCfg = Release|Any CPU
		{65A45392-277B-47E4-BACA-B90B97B05028}.Release|Any CPU.Build.0 = Release|Any CPU
		{65A45392-277B-47E4-BACA-B90B97B05028}.Release|x64.ActiveCfg = Release|Any CPU
		{65A45392-277B-47E4-BACA-B90B97B05028}.Release|x64.Build.0 = Release|Any CPU
		{65A45392-277B-47E4-BACA-B90B97B05028}.Release|x86.ActiveCfg = Release|Any CPU
		{65A45392-277B-47E4-BACA-B90B97B05028}.Release|x86.Build.0 = Release|Any CPU
		{DC6EC2D1-62F8-4E3D-A710-6F8910342B04}.Debug|Any CPU.ActiveCfg = Debug|Any CPU
		{DC6EC2D1-62F8-4E3D-A710-6F8910342B04}.Debug|Any CPU.Build.0 = Debug|Any CPU
		{DC6EC2D1-62F8-4E3D-A710-6F8910342B04}.Debug|x64.ActiveCfg = Debug|Any CPU
		{DC6EC2D1-62F8-4E3D-A710-6F8910342B04}.Debug|x64.Build.0 = Debug|Any CPU
		{DC6EC2D1-62F8-4E3D-A710-6F8910342B04}.Debug|x86.ActiveCfg = Debug|Any CPU
		{DC6EC2D1-62F8-4E3D-A710-6F8910342B04}.Debug|x86.Build.0 = Debug|Any CPU
		{DC6EC2D1-62F8-4E3D-A710-6F8910342B04}.Release|Any CPU.ActiveCfg = Release|Any CPU
		{DC6EC2D1-62F8-4E3D-A710-6F8910342B04}.Release|Any CPU.Build.0 = Release|Any CPU
		{DC6EC2D1-62F8-4E3D-A710-6F8910342B04}.Release|x64.ActiveCfg = Release|Any CPU
		{DC6EC2D1-62F8-4E3D-A710-6F8910342B04}.Release|x64.Build.0 = Release|Any CPU
		{DC6EC2D1-62F8-4E3D-A710-6F8910342B04}.Release|x86.ActiveCfg = Release|Any CPU
		{DC6EC2D1-62F8-4E3D-A710-6F8910342B04}.Release|x86.Build.0 = Release|Any CPU
		{38970178-BE08-4440-AB77-E6397A871641}.Debug|Any CPU.ActiveCfg = Debug|Any CPU
		{38970178-BE08-4440-AB77-E6397A871641}.Debug|Any CPU.Build.0 = Debug|Any CPU
		{38970178-BE08-4440-AB77-E6397A871641}.Debug|x64.ActiveCfg = Debug|Any CPU
		{38970178-BE08-4440-AB77-E6397A871641}.Debug|x64.Build.0 = Debug|Any CPU
		{38970178-BE08-4440-AB77-E6397A871641}.Debug|x86.ActiveCfg = Debug|Any CPU
		{38970178-BE08-4440-AB77-E6397A871641}.Debug|x86.Build.0 = Debug|Any CPU
		{38970178-BE08-4440-AB77-E6397A871641}.Release|Any CPU.ActiveCfg = Release|Any CPU
		{38970178-BE08-4440-AB77-E6397A871641}.Release|Any CPU.Build.0 = Release|Any CPU
		{38970178-BE08-4440-AB77-E6397A871641}.Release|x64.ActiveCfg = Release|Any CPU
		{38970178-BE08-4440-AB77-E6397A871641}.Release|x64.Build.0 = Release|Any CPU
		{38970178-BE08-4440-AB77-E6397A871641}.Release|x86.ActiveCfg = Release|Any CPU
		{38970178-BE08-4440-AB77-E6397A871641}.Release|x86.Build.0 = Release|Any CPU
		{0C4DD559-4A90-430F-8F9A-29F80FC4AA93}.Debug|Any CPU.ActiveCfg = Debug|Any CPU
		{0C4DD559-4A90-430F-8F9A-29F80FC4AA93}.Debug|Any CPU.Build.0 = Debug|Any CPU
		{0C4DD559-4A90-430F-8F9A-29F80FC4AA93}.Debug|x64.ActiveCfg = Debug|Any CPU
		{0C4DD559-4A90-430F-8F9A-29F80FC4AA93}.Debug|x64.Build.0 = Debug|Any CPU
		{0C4DD559-4A90-430F-8F9A-29F80FC4AA93}.Debug|x86.ActiveCfg = Debug|Any CPU
		{0C4DD559-4A90-430F-8F9A-29F80FC4AA93}.Debug|x86.Build.0 = Debug|Any CPU
		{0C4DD559-4A90-430F-8F9A-29F80FC4AA93}.Release|Any CPU.ActiveCfg = Release|Any CPU
		{0C4DD559-4A90-430F-8F9A-29F80FC4AA93}.Release|Any CPU.Build.0 = Release|Any CPU
		{0C4DD559-4A90-430F-8F9A-29F80FC4AA93}.Release|x64.ActiveCfg = Release|Any CPU
		{0C4DD559-4A90-430F-8F9A-29F80FC4AA93}.Release|x64.Build.0 = Release|Any CPU
		{0C4DD559-4A90-430F-8F9A-29F80FC4AA93}.Release|x86.ActiveCfg = Release|Any CPU
		{0C4DD559-4A90-430F-8F9A-29F80FC4AA93}.Release|x86.Build.0 = Release|Any CPU
	EndGlobalSection
	GlobalSection(NestedProjects) = preSolution
		{FFE88270-19DF-4C08-9C99-CCD984A4EDD0} = {CA7E83D4-6A73-4750-960C-18EDB3AB8681}
		{65A45392-277B-47E4-BACA-B90B97B05028} = {19BB048C-0ACD-4E5E-BCCD-930FF0FAAAD4}
		{8C07E8B4-F416-4231-8349-22BBBC3D97F5} = {3C654717-1A79-4646-B54A-672378E13B69}
		{DC6EC2D1-62F8-4E3D-A710-6F8910342B04} = {8C07E8B4-F416-4231-8349-22BBBC3D97F5}
		{38970178-BE08-4440-AB77-E6397A871641} = {B532F440-8E0E-4C69-8DA2-1E44E7E52977}
		{0C4DD559-4A90-430F-8F9A-29F80FC4AA93} = {57593A03-8758-4AAB-A574-663B56622824}
	EndGlobalSection
EndGlobal
